
Microsoft Visual Studio Solution File, Format Version 12.00
# Visual Studio Version 17
VisualStudioVersion = 17.6.33801.468
MinimumVisualStudioVersion = 10.0.40219.1
Project("{FAE04EC0-301F-11D3-BF4B-00C04F79EFBC}") = "webapp", "webapp\webapp.csproj", "{C2D73FB1-A428-4C9C-A498-5FAED138379E}"
EndProject
Global
	GlobalSection(SolutionConfigurationPlatforms) = preSolution
		Debug|Any CPU = Debug|Any CPU
		Release|Any CPU = Release|Any CPU
	EndGlobalSection
	GlobalSection(ProjectConfigurationPlatforms) = postSolution
		{C2D73FB1-A428-4C9C-A498-5FAED138379E}.Debug|Any CPU.ActiveCfg = Debug|Any CPU
		{C2D73FB1-A428-4C9C-A498-5FAED138379E}.Debug|Any CPU.Build.0 = Debug|Any CPU
		{C2D73FB1-A428-4C9C-A498-5FAED138379E}.Release|Any CPU.ActiveCfg = Release|Any CPU
		{C2D73FB1-A428-4C9C-A498-5FAED138379E}.Release|Any CPU.Build.0 = Release|Any CPU
	EndGlobalSection
	GlobalSection(SolutionProperties) = preSolution
		HideSolutionNode = FALSE
	EndGlobalSection
	GlobalSection(ExtensibilityGlobals) = postSolution
		SolutionGuid = {DC61AB9F-3EE2-4860-8293-2E018C53505B}
	EndGlobalSection
EndGlobal
